PODS:
  - Kingfisher (5.0.0)
  - MastodonKit (2.0.0)

DEPENDENCIES:
  - Kingfisher (~> 5.0)
  - MastodonKit (~> 2.0)

SPEC REPOS:
  https://github.com/cocoapods/specs.git:
    - Kingfisher
    - MastodonKit

SPEC CHECKSUMS:
  Kingfisher: 2b0dd651e4fe5a07305b8242fde56f8e2d410f58
  MastodonKit: 3bc591ea7e626dd160711f9a10cd50f192e46ed3

PODFILE CHECKSUM: fe31739f633ce360f858afca0e14a5495a90bd3a

COCOAPODS: 1.5.3
