// !$*UTF8*$!
{
	archiveVersion = 1;
	classes = {
	};
	objectVersion = 50;
	objects = {

/* Begin PBXBuildFile section */
		1574901BD72D7E4110443605 /* Pods_PhanpyTests.framework in Frameworks */ = {isa = PBXBuildFile; fileRef = 37A89DF87305BC13AA759F59 /* Pods_PhanpyTests.framework */; };
		8C80AA6721BC2A6600F02B8A /* StatusContentParser.swift in Sources */ = {isa = PBXBuildFile; fileRef = 8C80AA6621BC2A6600F02B8A /* StatusContentParser.swift */; };
		8CD7BE1C21BBFA1C00C993C9 /* AppDelegate.swift in Sources */ = {isa = PBXBuildFile; fileRef = 8CD7BE1B21BBFA1C00C993C9 /* AppDelegate.swift */; };
		8CD7BE2321BBFA1E00C993C9 /* Assets.xcassets in Resources */ = {isa = PBXBuildFile; fileRef = 8CD7BE2221BBFA1E00C993C9 /* Assets.xcassets */; };
		8CD7BE2621BBFA1E00C993C9 /* LaunchScreen.storyboard in Resources */ = {isa = PBXBuildFile; fileRef = 8CD7BE2421BBFA1E00C993C9 /* LaunchScreen.storyboard */; };
		8CD7BE3121BBFA1E00C993C9 /* PhanpyTests.swift in Sources */ = {isa = PBXBuildFile; fileRef = 8CD7BE3021BBFA1E00C993C9 /* PhanpyTests.swift */; };
		8CD7BE3D21BC074800C993C9 /* FederatedTimelineViewController.swift in Sources */ = {isa = PBXBuildFile; fileRef = 8CD7BE3B21BC074800C993C9 /* FederatedTimelineViewController.swift */; };
		8CD7BE4321BC0F9D00C993C9 /* StatusTableViewCell.swift in Sources */ = {isa = PBXBuildFile; fileRef = 8CD7BE4121BC0F9D00C993C9 /* StatusTableViewCell.swift */; };
		F75C6F77CC1FB97C20188F5D /* Pods_Phanpy.framework in Frameworks */ = {isa = PBXBuildFile; fileRef = A783EADD95F3254958F06902 /* Pods_Phanpy.framework */; };
/* End PBXBuildFile section */

/* Begin PBXContainerItemProxy section */
		8CD7BE2D21BBFA1E00C993C9 /* PBXContainerItemProxy */ = {
			isa = PBXContainerItemProxy;
			containerPortal = 8CD7BE1021BBFA1C00C993C9 /* Project object */;
			proxyType = 1;
			remoteGlobalIDString = 8CD7BE1721BBFA1C00C993C9;
			remoteInfo = Phanpy;
		};
/* End PBXContainerItemProxy section */

/* Begin PBXFileReference section */
		0E15F416A441B7DF4B9D3B08 /* Pods-Phanpy.debug.xcconfig */ = {isa = PBXFileReference; includeInIndex = 1; lastKnownFileType = text.xcconfig; name = "Pods-Phanpy.debug.xcconfig"; path = "Pods/Target Support Files/Pods-Phanpy/Pods-Phanpy.debug.xcconfig"; sourceTree = "<group>"; };
		0EFD51135417010AD30C1C8C /* Pods-PhanpyTests.debug.xcconfig */ = {isa = PBXFileReference; includeInIndex = 1; lastKnownFileType = text.xcconfig; name = "Pods-PhanpyTests.debug.xcconfig"; path = "Pods/Target Support Files/Pods-PhanpyTests/Pods-PhanpyTests.debug.xcconfig"; sourceTree = "<group>"; };
		152759A3C7C8DCDA4568429A /* Pods-Phanpy.release.xcconfig */ = {isa = PBXFileReference; includeInIndex = 1; lastKnownFileType = text.xcconfig; name = "Pods-Phanpy.release.xcconfig"; path = "Pods/Target Support Files/Pods-Phanpy/Pods-Phanpy.release.xcconfig"; sourceTree = "<group>"; };
		30637E5625B62A342B270E15 /* Pods-PhanpyTests.release.xcconfig */ = {isa = PBXFileReference; includeInIndex = 1; lastKnownFileType = text.xcconfig; name = "Pods-PhanpyTests.release.xcconfig"; path = "Pods/Target Support Files/Pods-PhanpyTests/Pods-PhanpyTests.release.xcconfig"; sourceTree = "<group>"; };
		37A89DF87305BC13AA759F59 /* Pods_PhanpyTests.framework */ = {isa = PBXFileReference; explicitFileType = wrapper.framework; includeInIndex = 0; path = Pods_PhanpyTests.framework; sourceTree = BUILT_PRODUCTS_DIR; };
		8C80AA6621BC2A6600F02B8A /* StatusContentParser.swift */ = {isa = PBXFileReference; lastKnownFileType = sourcecode.swift; path = StatusContentParser.swift; sourceTree = "<group>"; };
		8CD7BE1821BBFA1C00C993C9 /* Phanpy.app */ = {isa = PBXFileReference; explicitFileType = wrapper.application; includeInIndex = 0; path = Phanpy.app; sourceTree = BUILT_PRODUCTS_DIR; };
		8CD7BE1B21BBFA1C00C993C9 /* AppDelegate.swift */ = {isa = PBXFileReference; lastKnownFileType = sourcecode.swift; path = AppDelegate.swift; sourceTree = "<group>"; };
		8CD7BE2221BBFA1E00C993C9 /* Assets.xcassets */ = {isa = PBXFileReference; lastKnownFileType = folder.assetcatalog; path = Assets.xcassets; sourceTree = "<group>"; };
		8CD7BE2521BBFA1E00C993C9 /* Base */ = {isa = PBXFileReference; lastKnownFileType = file.storyboard; name = Base; path = Base.lproj/LaunchScreen.storyboard; sourceTree = "<group>"; };
		8CD7BE2721BBFA1E00C993C9 /* Info.plist */ = {isa = PBXFileReference; lastKnownFileType = text.plist.xml; path = Info.plist; sourceTree = "<group>"; };
		8CD7BE2C21BBFA1E00C993C9 /* PhanpyTests.xctest */ = {isa = PBXFileReference; explicitFileType = wrapper.cfbundle; includeInIndex = 0; path = PhanpyTests.xctest; sourceTree = BUILT_PRODUCTS_DIR; };
		8CD7BE3021BBFA1E00C993C9 /* PhanpyTests.swift */ = {isa = PBXFileReference; lastKnownFileType = sourcecode.swift; path = PhanpyTests.swift; sourceTree = "<group>"; };
		8CD7BE3221BBFA1E00C993C9 /* Info.plist */ = {isa = PBXFileReference; lastKnownFileType = text.plist.xml; path = Info.plist; sourceTree = "<group>"; };
		8CD7BE3B21BC074800C993C9 /* FederatedTimelineViewController.swift */ = {isa = PBXFileReference; lastKnownFileType = sourcecode.swift; path = FederatedTimelineViewController.swift; sourceTree = "<group>"; };
		8CD7BE4121BC0F9D00C993C9 /* StatusTableViewCell.swift */ = {isa = PBXFileReference; lastKnownFileType = sourcecode.swift; path = StatusTableViewCell.swift; sourceTree = "<group>"; };
		A783EADD95F3254958F06902 /* Pods_Phanpy.framework */ = {isa = PBXFileReference; explicitFileType = wrapper.framework; includeInIndex = 0; path = Pods_Phanpy.framework; sourceTree = BUILT_PRODUCTS_DIR; };
/* End PBXFileReference section */

/* Begin PBXFrameworksBuildPhase section */
		8CD7BE1521BBFA1C00C993C9 /* Frameworks */ = {
			isa = PBXFrameworksBuildPhase;
			buildActionMask = 2147483647;
			files = (
				F75C6F77CC1FB97C20188F5D /* Pods_Phanpy.framework in Frameworks */,
			);
			runOnlyForDeploymentPostprocessing = 0;
		};
		8CD7BE2921BBFA1E00C993C9 /* Frameworks */ = {
			isa = PBXFrameworksBuildPhase;
			buildActionMask = 2147483647;
			files = (
				1574901BD72D7E4110443605 /* Pods_PhanpyTests.framework in Frameworks */,
			);
			runOnlyForDeploymentPostprocessing = 0;
		};
/* End PBXFrameworksBuildPhase section */

/* Begin PBXGroup section */
		8CD7BE0F21BBFA1C00C993C9 = {
			isa = PBXGroup;
			children = (
				8CD7BE1A21BBFA1C00C993C9 /* Phanpy */,
				8CD7BE2F21BBFA1E00C993C9 /* PhanpyTests */,
				8CD7BE1921BBFA1C00C993C9 /* Products */,
				EF1FB6C28AB81A2B7C964A93 /* Pods */,
				D44D70FDD3493E2085CC74B4 /* Frameworks */,
			);
			sourceTree = "<group>";
		};
		8CD7BE1921BBFA1C00C993C9 /* Products */ = {
			isa = PBXGroup;
			children = (
				8CD7BE1821BBFA1C00C993C9 /* Phanpy.app */,
				8CD7BE2C21BBFA1E00C993C9 /* PhanpyTests.xctest */,
			);
			name = Products;
			sourceTree = "<group>";
		};
		8CD7BE1A21BBFA1C00C993C9 /* Phanpy */ = {
			isa = PBXGroup;
			children = (
				8CD7BE1B21BBFA1C00C993C9 /* AppDelegate.swift */,
				8CD7BE3B21BC074800C993C9 /* FederatedTimelineViewController.swift */,
				8CD7BE4121BC0F9D00C993C9 /* StatusTableViewCell.swift */,
				8C80AA6621BC2A6600F02B8A /* StatusContentParser.swift */,
				8CD7BE2221BBFA1E00C993C9 /* Assets.xcassets */,
				8CD7BE2421BBFA1E00C993C9 /* LaunchScreen.storyboard */,
				8CD7BE2721BBFA1E00C993C9 /* Info.plist */,
			);
			path = Phanpy;
			sourceTree = "<group>";
		};
		8CD7BE2F21BBFA1E00C993C9 /* PhanpyTests */ = {
			isa = PBXGroup;
			children = (
				8CD7BE3021BBFA1E00C993C9 /* PhanpyTests.swift */,
				8CD7BE3221BBFA1E00C993C9 /* Info.plist */,
			);
			path = PhanpyTests;
			sourceTree = "<group>";
		};
		D44D70FDD3493E2085CC74B4 /* Frameworks */ = {
			isa = PBXGroup;
			children = (
				A783EADD95F3254958F06902 /* Pods_Phanpy.framework */,
				37A89DF87305BC13AA759F59 /* Pods_PhanpyTests.framework */,
			);
			name = Frameworks;
			sourceTree = "<group>";
		};
		EF1FB6C28AB81A2B7C964A93 /* Pods */ = {
			isa = PBXGroup;
			children = (
				0E15F416A441B7DF4B9D3B08 /* Pods-Phanpy.debug.xcconfig */,
				152759A3C7C8DCDA4568429A /* Pods-Phanpy.release.xcconfig */,
				0EFD51135417010AD30C1C8C /* Pods-PhanpyTests.debug.xcconfig */,
				30637E5625B62A342B270E15 /* Pods-PhanpyTests.release.xcconfig */,
			);
			name = Pods;
			sourceTree = "<group>";
		};
/* End PBXGroup section */

/* Begin PBXNativeTarget section */
		8CD7BE1721BBFA1C00C993C9 /* Phanpy */ = {
			isa = PBXNativeTarget;
			buildConfigurationList = 8CD7BE3521BBFA1E00C993C9 /* Build configuration list for PBXNativeTarget "Phanpy" */;
			buildPhases = (
				6EBD349A4B3B1C97E4A7B1EB /* [CP] Check Pods Manifest.lock */,
				8CD7BE1421BBFA1C00C993C9 /* Sources */,
				8CD7BE1521BBFA1C00C993C9 /* Frameworks */,
				8CD7BE1621BBFA1C00C993C9 /* Resources */,
				5B69FD5CE2096200E81E381A /* [CP] Embed Pods Frameworks */,
				8F08CF2DE2613479D18695C0 /* [CP-User] SwiftLint */,
			);
			buildRules = (
			);
			dependencies = (
			);
			name = Phanpy;
			productName = Phanpy;
			productReference = 8CD7BE1821BBFA1C00C993C9 /* Phanpy.app */;
			productType = "com.apple.product-type.application";
		};
		8CD7BE2B21BBFA1E00C993C9 /* PhanpyTests */ = {
			isa = PBXNativeTarget;
			buildConfigurationList = 8CD7BE3821BBFA1E00C993C9 /* Build configuration list for PBXNativeTarget "PhanpyTests" */;
			buildPhases = (
				098D94E53F80CDF4879E7A8F /* [CP] Check Pods Manifest.lock */,
				8CD7BE2821BBFA1E00C993C9 /* Sources */,
				8CD7BE2921BBFA1E00C993C9 /* Frameworks */,
				8CD7BE2A21BBFA1E00C993C9 /* Resources */,
			);
			buildRules = (
			);
			dependencies = (
				8CD7BE2E21BBFA1E00C993C9 /* PBXTargetDependency */,
			);
			name = PhanpyTests;
			productName = PhanpyTests;
			productReference = 8CD7BE2C21BBFA1E00C993C9 /* PhanpyTests.xctest */;
			productType = "com.apple.product-type.bundle.unit-test";
		};
/* End PBXNativeTarget section */

/* Begin PBXProject section */
		8CD7BE1021BBFA1C00C993C9 /* Project object */ = {
			isa = PBXProject;
			attributes = {
				LastSwiftUpdateCheck = 1010;
				LastUpgradeCheck = 1010;
				TargetAttributes = {
					8CD7BE1721BBFA1C00C993C9 = {
						CreatedOnToolsVersion = 10.1;
					};
					8CD7BE2B21BBFA1E00C993C9 = {
						CreatedOnToolsVersion = 10.1;
						TestTargetID = 8CD7BE1721BBFA1C00C993C9;
					};
				};
			};
			buildConfigurationList = 8CD7BE1321BBFA1C00C993C9 /* Build configuration list for PBXProject "Phanpy" */;
			compatibilityVersion = "Xcode 9.3";
			developmentRegion = en;
			hasScannedForEncodings = 0;
			knownRegions = (
				en,
				Base,
			);
			mainGroup = 8CD7BE0F21BBFA1C00C993C9;
			productRefGroup = 8CD7BE1921BBFA1C00C993C9 /* Products */;
			projectDirPath = "";
			projectRoot = "";
			targets = (
				8CD7BE1721BBFA1C00C993C9 /* Phanpy */,
				8CD7BE2B21BBFA1E00C993C9 /* PhanpyTests */,
			);
		};
/* End PBXProject section */

/* Begin PBXResourcesBuildPhase section */
		8CD7BE1621BBFA1C00C993C9 /* Resources */ = {
			isa = PBXResourcesBuildPhase;
			buildActionMask = 2147483647;
			files = (
				8CD7BE2621BBFA1E00C993C9 /* LaunchScreen.storyboard in Resources */,
				8CD7BE2321BBFA1E00C993C9 /* Assets.xcassets in Resources */,
			);
			runOnlyForDeploymentPostprocessing = 0;
		};
		8CD7BE2A21BBFA1E00C993C9 /* Resources */ = {
			isa = PBXResourcesBuildPhase;
			buildActionMask = 2147483647;
			files = (
			);
			runOnlyForDeploymentPostprocessing = 0;
		};
/* End PBXResourcesBuildPhase section */

/* Begin PBXShellScriptBuildPhase section */
		098D94E53F80CDF4879E7A8F /* [CP] Check Pods Manifest.lock */ = {
			isa = PBXShellScriptBuildPhase;
			buildActionMask = 2147483647;
			files = (
			);
			inputFileListPaths = (
			);
			inputPaths = (
				"${PODS_PODFILE_DIR_PATH}/Podfile.lock",
				"${PODS_ROOT}/Manifest.lock",
			);
			name = "[CP] Check Pods Manifest.lock";
			outputFileListPaths = (
			);
			outputPaths = (
				"$(DERIVED_FILE_DIR)/Pods-PhanpyTests-checkManifestLockResult.txt",
			);
			runOnlyForDeploymentPostprocessing = 0;
			shellPath = /bin/sh;
			shellScript = "diff \"${PODS_PODFILE_DIR_PATH}/Podfile.lock\" \"${PODS_ROOT}/Manifest.lock\" > /dev/null\nif [ $? != 0 ] ; then\n    # print error to STDERR\n    echo \"error: The sandbox is not in sync with the Podfile.lock. Run 'pod install' or update your CocoaPods installation.\" >&2\n    exit 1\nfi\n# This output is used by Xcode 'outputs' to avoid re-running this script phase.\necho \"SUCCESS\" > \"${SCRIPT_OUTPUT_FILE_0}\"\n";
			showEnvVarsInLog = 0;
		};
		5B69FD5CE2096200E81E381A /* [CP] Embed Pods Frameworks */ = {
			isa = PBXShellScriptBuildPhase;
			buildActionMask = 2147483647;
			files = (
			);
			inputFileListPaths = (
			);
			inputPaths = (
				"${SRCROOT}/Pods/Target Support Files/Pods-Phanpy/Pods-Phanpy-frameworks.sh",
				"${BUILT_PRODUCTS_DIR}/DateToolsSwift/DateToolsSwift.framework",
				"${BUILT_PRODUCTS_DIR}/Kingfisher/Kingfisher.framework",
				"${BUILT_PRODUCTS_DIR}/MastodonKit/MastodonKit.framework",
			);
			name = "[CP] Embed Pods Frameworks";
			outputFileListPaths = (
			);
			outputPaths = (
				"${TARGET_BUILD_DIR}/${FRAMEWORKS_FOLDER_PATH}/DateToolsSwift.framework",
				"${TARGET_BUILD_DIR}/${FRAMEWORKS_FOLDER_PATH}/Kingfisher.framework",
				"${TARGET_BUILD_DIR}/${FRAMEWORKS_FOLDER_PATH}/MastodonKit.framework",
			);
			runOnlyForDeploymentPostprocessing = 0;
			shellPath = /bin/sh;
			shellScript = "\"${SRCROOT}/Pods/Target Support Files/Pods-Phanpy/Pods-Phanpy-frameworks.sh\"\n";
			showEnvVarsInLog = 0;
		};
		6EBD349A4B3B1C97E4A7B1EB /* [CP] Check Pods Manifest.lock */ = {
			isa = PBXShellScriptBuildPhase;
			buildActionMask = 2147483647;
			files = (
			);
			inputFileListPaths = (
			);
			inputPaths = (
				"${PODS_PODFILE_DIR_PATH}/Podfile.lock",
				"${PODS_ROOT}/Manifest.lock",
			);
			name = "[CP] Check Pods Manifest.lock";
			outputFileListPaths = (
			);
			outputPaths = (
				"$(DERIVED_FILE_DIR)/Pods-Phanpy-checkManifestLockResult.txt",
			);
			runOnlyForDeploymentPostprocessing = 0;
			shellPath = /bin/sh;
			shellScript = "diff \"${PODS_PODFILE_DIR_PATH}/Podfile.lock\" \"${PODS_ROOT}/Manifest.lock\" > /dev/null\nif [ $? != 0 ] ; then\n    # print error to STDERR\n    echo \"error: The sandbox is not in sync with the Podfile.lock. Run 'pod install' or update your CocoaPods installation.\" >&2\n    exit 1\nfi\n# This output is used by Xcode 'outputs' to avoid re-running this script phase.\necho \"SUCCESS\" > \"${SCRIPT_OUTPUT_FILE_0}\"\n";
			showEnvVarsInLog = 0;
		};
		8F08CF2DE2613479D18695C0 /* [CP-User] SwiftLint */ = {
			isa = PBXShellScriptBuildPhase;
			buildActionMask = 2147483647;
			files = (
			);
			inputFileListPaths = (
			);
			inputPaths = (
			);
			name = "[CP-User] SwiftLint";
			outputFileListPaths = (
			);
			outputPaths = (
			);
			runOnlyForDeploymentPostprocessing = 0;
			shellPath = /bin/sh;
			shellScript = "${PODS_ROOT}/SwiftLint/swiftlint";
			showEnvVarsInLog = 0;
		};
/* End PBXShellScriptBuildPhase section */

/* Begin PBXSourcesBuildPhase section */
		8CD7BE1421BBFA1C00C993C9 /* Sources */ = {
			isa = PBXSourcesBuildPhase;
			buildActionMask = 2147483647;
			files = (
				8CD7BE4321BC0F9D00C993C9 /* StatusTableViewCell.swift in Sources */,
				8CD7BE3D21BC074800C993C9 /* FederatedTimelineViewController.swift in Sources */,
				8C80AA6721BC2A6600F02B8A /* StatusContentParser.swift in Sources */,
				8CD7BE1C21BBFA1C00C993C9 /* AppDelegate.swift in Sources */,
			);
			runOnlyForDeploymentPostprocessing = 0;
		};
		8CD7BE2821BBFA1E00C993C9 /* Sources */ = {
			isa = PBXSourcesBuildPhase;
			buildActionMask = 2147483647;
			files = (
				8CD7BE3121BBFA1E00C993C9 /* PhanpyTests.swift in Sources */,
			);
			runOnlyForDeploymentPostprocessing = 0;
		};
/* End PBXSourcesBuildPhase section */

/* Begin PBXTargetDependency section */
		8CD7BE2E21BBFA1E00C993C9 /* PBXTargetDependency */ = {
			isa = PBXTargetDependency;
			target = 8CD7BE1721BBFA1C00C993C9 /* Phanpy */;
			targetProxy = 8CD7BE2D21BBFA1E00C993C9 /* PBXContainerItemProxy */;
		};
/* End PBXTargetDependency section */

/* Begin PBXVariantGroup section */
		8CD7BE2421BBFA1E00C993C9 /* LaunchScreen.storyboard */ = {
			isa = PBXVariantGroup;
			children = (
				8CD7BE2521BBFA1E00C993C9 /* Base */,
			);
			name = LaunchScreen.storyboard;
			sourceTree = "<group>";
		};
/* End PBXVariantGroup section */

/* Begin XCBuildConfiguration section */
		8CD7BE3321BBFA1E00C993C9 /* Debug */ = {
			isa = XCBuildConfiguration;
			buildSettings = {
				ALWAYS_SEARCH_USER_PATHS = NO;
				CLANG_ANALYZER_NONNULL = YES;
				CLANG_ANALYZER_NUMBER_OBJECT_CONVERSION = YES_AGGRESSIVE;
				CLANG_CXX_LANGUAGE_STANDARD = "gnu++14";
				CLANG_CXX_LIBRARY = "libc++";
				CLANG_ENABLE_MODULES = YES;
				CLANG_ENABLE_OBJC_ARC = YES;
				CLANG_ENABLE_OBJC_WEAK = YES;
				CLANG_WARN_BLOCK_CAPTURE_AUTORELEASING = YES;
				CLANG_WARN_BOOL_CONVERSION = YES;
				CLANG_WARN_COMMA = YES;
				CLANG_WARN_CONSTANT_CONVERSION = YES;
				CLANG_WARN_DEPRECATED_OBJC_IMPLEMENTATIONS = YES;
				CLANG_WARN_DIRECT_OBJC_ISA_USAGE = YES_ERROR;
				CLANG_WARN_DOCUMENTATION_COMMENTS = YES;
				CLANG_WARN_EMPTY_BODY = YES;
				CLANG_WARN_ENUM_CONVERSION = YES;
				CLANG_WARN_INFINITE_RECURSION = YES;
				CLANG_WARN_INT_CONVERSION = YES;
				CLANG_WARN_NON_LITERAL_NULL_CONVERSION = YES;
				CLANG_WARN_OBJC_IMPLICIT_RETAIN_SELF = YES;
				CLANG_WARN_OBJC_LITERAL_CONVERSION = YES;
				CLANG_WARN_OBJC_ROOT_CLASS = YES_ERROR;
				CLANG_WARN_RANGE_LOOP_ANALYSIS = YES;
				CLANG_WARN_STRICT_PROTOTYPES = YES;
				CLANG_WARN_SUSPICIOUS_MOVE = YES;
				CLANG_WARN_UNGUARDED_AVAILABILITY = YES_AGGRESSIVE;
				CLANG_WARN_UNREACHABLE_CODE = YES;
				CLANG_WARN__DUPLICATE_METHOD_MATCH = YES;
				CODE_SIGN_IDENTITY = "iPhone Developer";
				COPY_PHASE_STRIP = NO;
				DEBUG_INFORMATION_FORMAT = dwarf;
				ENABLE_STRICT_OBJC_MSGSEND = YES;
				ENABLE_TESTABILITY = YES;
				GCC_C_LANGUAGE_STANDARD = gnu11;
				GCC_DYNAMIC_NO_PIC = NO;
				GCC_NO_COMMON_BLOCKS = YES;
				GCC_OPTIMIZATION_LEVEL = 0;
				GCC_PREPROCESSOR_DEFINITIONS = (
					"DEBUG=1",
					"$(inherited)",
				);
				GCC_WARN_64_TO_32_BIT_CONVERSION = YES;
				GCC_WARN_ABOUT_RETURN_TYPE = YES_ERROR;
				GCC_WARN_UNDECLARED_SELECTOR = YES;
				GCC_WARN_UNINITIALIZED_AUTOS = YES_AGGRESSIVE;
				GCC_WARN_UNUSED_FUNCTION = YES;
				GCC_WARN_UNUSED_VARIABLE = YES;
				IPHONEOS_DEPLOYMENT_TARGET = 12.1;
				MTL_ENABLE_DEBUG_INFO = INCLUDE_SOURCE;
				MTL_FAST_MATH = YES;
				ONLY_ACTIVE_ARCH = YES;
				SDKROOT = iphoneos;
				SWIFT_ACTIVE_COMPILATION_CONDITIONS = DEBUG;
				SWIFT_OPTIMIZATION_LEVEL = "-Onone";
			};
			name = Debug;
		};
		8CD7BE3421BBFA1E00C993C9 /* Release */ = {
			isa = XCBuildConfiguration;
			buildSettings = {
				ALWAYS_SEARCH_USER_PATHS = NO;
				CLANG_ANALYZER_NONNULL = YES;
				CLANG_ANALYZER_NUMBER_OBJECT_CONVERSION = YES_AGGRESSIVE;
				CLANG_CXX_LANGUAGE_STANDARD = "gnu++14";
				CLANG_CXX_LIBRARY = "libc++";
				CLANG_ENABLE_MODULES = YES;
				CLANG_ENABLE_OBJC_ARC = YES;
				CLANG_ENABLE_OBJC_WEAK = YES;
				CLANG_WARN_BLOCK_CAPTURE_AUTORELEASING = YES;
				CLANG_WARN_BOOL_CONVERSION = YES;
				CLANG_WARN_COMMA = YES;
				CLANG_WARN_CONSTANT_CONVERSION = YES;
				CLANG_WARN_DEPRECATED_OBJC_IMPLEMENTATIONS = YES;
				CLANG_WARN_DIRECT_OBJC_ISA_USAGE = YES_ERROR;
				CLANG_WARN_DOCUMENTATION_COMMENTS = YES;
				CLANG_WARN_EMPTY_BODY = YES;
				CLANG_WARN_ENUM_CONVERSION = YES;
				CLANG_WARN_INFINITE_RECURSION = YES;
				CLANG_WARN_INT_CONVERSION = YES;
				CLANG_WARN_NON_LITERAL_NULL_CONVERSION = YES;
				CLANG_WARN_OBJC_IMPLICIT_RETAIN_SELF = YES;
				CLANG_WARN_OBJC_LITERAL_CONVERSION = YES;
				CLANG_WARN_OBJC_ROOT_CLASS = YES_ERROR;
				CLANG_WARN_RANGE_LOOP_ANALYSIS = YES;
				CLANG_WARN_STRICT_PROTOTYPES = YES;
				CLANG_WARN_SUSPICIOUS_MOVE = YES;
				CLANG_WARN_UNGUARDED_AVAILABILITY = YES_AGGRESSIVE;
				CLANG_WARN_UNREACHABLE_CODE = YES;
				CLANG_WARN__DUPLICATE_METHOD_MATCH = YES;
				CODE_SIGN_IDENTITY = "iPhone Developer";
				COPY_PHASE_STRIP = NO;
				DEBUG_INFORMATION_FORMAT = "dwarf-with-dsym";
				ENABLE_NS_ASSERTIONS = NO;
				ENABLE_STRICT_OBJC_MSGSEND = YES;
				GCC_C_LANGUAGE_STANDARD = gnu11;
				GCC_NO_COMMON_BLOCKS = YES;
				GCC_WARN_64_TO_32_BIT_CONVERSION = YES;
				GCC_WARN_ABOUT_RETURN_TYPE = YES_ERROR;
				GCC_WARN_UNDECLARED_SELECTOR = YES;
				GCC_WARN_UNINITIALIZED_AUTOS = YES_AGGRESSIVE;
				GCC_WARN_UNUSED_FUNCTION = YES;
				GCC_WARN_UNUSED_VARIABLE = YES;
				IPHONEOS_DEPLOYMENT_TARGET = 12.1;
				MTL_ENABLE_DEBUG_INFO = NO;
				MTL_FAST_MATH = YES;
				SDKROOT = iphoneos;
				SWIFT_COMPILATION_MODE = wholemodule;
				SWIFT_OPTIMIZATION_LEVEL = "-O";
				VALIDATE_PRODUCT = YES;
			};
			name = Release;
		};
		8CD7BE3621BBFA1E00C993C9 /* Debug */ = {
			isa = XCBuildConfiguration;
			baseConfigurationReference = 0E15F416A441B7DF4B9D3B08 /* Pods-Phanpy.debug.xcconfig */;
			buildSettings = {
				ASSETCATALOG_COMPILER_APPICON_NAME = AppIcon;
				CODE_SIGN_STYLE = Automatic;
				DEVELOPMENT_TEAM = S3YV5363RF;
				INFOPLIST_FILE = Phanpy/Info.plist;
				LD_RUNPATH_SEARCH_PATHS = (
					"$(inherited)",
					"@executable_path/Frameworks",
				);
				PRODUCT_BUNDLE_IDENTIFIER = me.libei.Phanpy;
				PRODUCT_NAME = "$(TARGET_NAME)";
				SWIFT_VERSION = 4.2;
				TARGETED_DEVICE_FAMILY = "1,2";
			};
			name = Debug;
		};
		8CD7BE3721BBFA1E00C993C9 /* Release */ = {
			isa = XCBuildConfiguration;
			baseConfigurationReference = 152759A3C7C8DCDA4568429A /* Pods-Phanpy.release.xcconfig */;
			buildSettings = {
				ASSETCATALOG_COMPILER_APPICON_NAME = AppIcon;
				CODE_SIGN_STYLE = Automatic;
				DEVELOPMENT_TEAM = S3YV5363RF;
				INFOPLIST_FILE = Phanpy/Info.plist;
				LD_RUNPATH_SEARCH_PATHS = (
					"$(inherited)",
					"@executable_path/Frameworks",
				);
				PRODUCT_BUNDLE_IDENTIFIER = me.libei.Phanpy;
				PRODUCT_NAME = "$(TARGET_NAME)";
				SWIFT_VERSION = 4.2;
				TARGETED_DEVICE_FAMILY = "1,2";
			};
			name = Release;
		};
		8CD7BE3921BBFA1E00C993C9 /* Debug */ = {
			isa = XCBuildConfiguration;
			baseConfigurationReference = 0EFD51135417010AD30C1C8C /* Pods-PhanpyTests.debug.xcconfig */;
			buildSettings = {
				ALWAYS_EMBED_SWIFT_STANDARD_LIBRARIES = YES;
				BUNDLE_LOADER = "$(TEST_HOST)";
				CODE_SIGN_STYLE = Automatic;
				DEVELOPMENT_TEAM = S3YV5363RF;
				INFOPLIST_FILE = PhanpyTests/Info.plist;
				LD_RUNPATH_SEARCH_PATHS = (
					"$(inherited)",
					"@executable_path/Frameworks",
					"@loader_path/Frameworks",
				);
				PRODUCT_BUNDLE_IDENTIFIER = me.libei.PhanpyTests;
				PRODUCT_NAME = "$(TARGET_NAME)";
				SWIFT_VERSION = 4.2;
				TARGETED_DEVICE_FAMILY = "1,2";
				TEST_HOST = "$(BUILT_PRODUCTS_DIR)/Phanpy.app/Phanpy";
			};
			name = Debug;
		};
		8CD7BE3A21BBFA1E00C993C9 /* Release */ = {
			isa = XCBuildConfiguration;
			baseConfigurationReference = 30637E5625B62A342B270E15 /* Pods-PhanpyTests.release.xcconfig */;
			buildSettings = {
				ALWAYS_EMBED_SWIFT_STANDARD_LIBRARIES = YES;
				BUNDLE_LOADER = "$(TEST_HOST)";
				CODE_SIGN_STYLE = Automatic;
				DEVELOPMENT_TEAM = S3YV5363RF;
				INFOPLIST_FILE = PhanpyTests/Info.plist;
				LD_RUNPATH_SEARCH_PATHS = (
					"$(inherited)",
					"@executable_path/Frameworks",
					"@loader_path/Frameworks",
				);
				PRODUCT_BUNDLE_IDENTIFIER = me.libei.PhanpyTests;
				PRODUCT_NAME = "$(TARGET_NAME)";
				SWIFT_VERSION = 4.2;
				TARGETED_DEVICE_FAMILY = "1,2";
				TEST_HOST = "$(BUILT_PRODUCTS_DIR)/Phanpy.app/Phanpy";
			};
			name = Release;
		};
/* End XCBuildConfiguration section */

/* Begin XCConfigurationList section */
		8CD7BE1321BBFA1C00C993C9 /* Build configuration list for PBXProject "Phanpy" */ = {
			isa = XCConfigurationList;
			buildConfigurations = (
				8CD7BE3321BBFA1E00C993C9 /* Debug */,
				8CD7BE3421BBFA1E00C993C9 /* Release */,
			);
			defaultConfigurationIsVisible = 0;
			defaultConfigurationName = Release;
		};
		8CD7BE3521BBFA1E00C993C9 /* Build configuration list for PBXNativeTarget "Phanpy" */ = {
			isa = XCConfigurationList;
			buildConfigurations = (
				8CD7BE3621BBFA1E00C993C9 /* Debug */,
				8CD7BE3721BBFA1E00C993C9 /* Release */,
			);
			defaultConfigurationIsVisible = 0;
			defaultConfigurationName = Release;
		};
		8CD7BE3821BBFA1E00C993C9 /* Build configuration list for PBXNativeTarget "PhanpyTests" */ = {
			isa = XCConfigurationList;
			buildConfigurations = (
				8CD7BE3921BBFA1E00C993C9 /* Debug */,
				8CD7BE3A21BBFA1E00C993C9 /* Release */,
			);
			defaultConfigurationIsVisible = 0;
			defaultConfigurationName = Release;
		};
/* End XCConfigurationList section */
	};
	rootObject = 8CD7BE1021BBFA1C00C993C9 /* Project object */;
}
